
Microsoft Visual Studio Solution File, Format Version 12.00
# Visual Studio Version 17
VisualStudioVersion = 17.5.002.0
MinimumVisualStudioVersion = 10.0.40219.1
Project("{9A19103F-16F7-4668-BE54-9A1E7A4F7556}") = "forestTrack", "forestTrack.csproj", "{27F5EC08-510E-46EE-A877-31C14D57D49B}"
EndProject
Global
	GlobalSection(SolutionConfigurationPlatforms) = preSolution
		Debug|Any CPU = Debug|Any CPU
		Release|Any CPU = Release|Any CPU
	EndGlobalSection
	GlobalSection(ProjectConfigurationPlatforms) = postSolution
		{27F5EC08-510E-46EE-A877-31C14D57D49B}.Debug|Any CPU.ActiveCfg = Debug|Any CPU
		{27F5EC08-510E-46EE-A877-31C14D57D49B}.Debug|Any CPU.Build.0 = Debug|Any CPU
		{27F5EC08-510E-46EE-A877-31C14D57D49B}.Release|Any CPU.ActiveCfg = Release|Any CPU
		{27F5EC08-510E-46EE-A877-31C14D57D49B}.Release|Any CPU.Build.0 = Release|Any CPU
	EndGlobalSection
	GlobalSection(SolutionProperties) = preSolution
		HideSolutionNode = FALSE
	EndGlobalSection
	GlobalSection(ExtensibilityGlobals) = postSolution
		SolutionGuid = {61F0314E-357F-4790-A459-4D2A9794E98B}
	EndGlobalSection
EndGlobal
